
Microsoft Visual Studio Solution File, Format Version 12.00
# Visual Studio Version 16
VisualStudioVersion = 16.0.31410.357
MinimumVisualStudioVersion = 10.0.40219.1
Project("{FAE04EC0-301F-11D3-BF4B-00C04F79EFBC}") = "1", "1\1.csproj", "{BA5D5DC1-B149-47EC-997F-94CF4834BFAC}"
EndProject
Project("{FAE04EC0-301F-11D3-BF4B-00C04F79EFBC}") = "2", "2\2.csproj", "{AA1300B1-FF0F-44F5-879A-C703D3638247}"
EndProject
Project("{FAE04EC0-301F-11D3-BF4B-00C04F79EFBC}") = "3", "3\3.csproj", "{FD0CB7E2-C9FD-4039-B5D0-BE0302183808}"
EndProject
Global
	GlobalSection(SolutionConfigurationPlatforms) = preSolution
		Debug|Any CPU = Debug|Any CPU
		Release|Any CPU = Release|Any CPU
	EndGlobalSection
	GlobalSection(ProjectConfigurationPlatforms) = postSolution
		{BA5D5DC1-B149-47EC-997F-94CF4834BFAC}.Debug|Any CPU.ActiveCfg = Debug|Any CPU
		{BA5D5DC1-B149-47EC-997F-94CF4834BFAC}.Debug|Any CPU.Build.0 = Debug|Any CPU
		{BA5D5DC1-B149-47EC-997F-94CF4834BFAC}.Release|Any CPU.ActiveCfg = Release|Any CPU
		{BA5D5DC1-B149-47EC-997F-94CF4834BFAC}.Release|Any CPU.Build.0 = Release|Any CPU
		{AA1300B1-FF0F-44F5-879A-C703D3638247}.Debug|Any CPU.ActiveCfg = Debug|Any CPU
		{AA1300B1-FF0F-44F5-879A-C703D3638247}.Debug|Any CPU.Build.0 = Debug|Any CPU
		{AA1300B1-FF0F-44F5-879A-C703D3638247}.Release|Any CPU.ActiveCfg = Release|Any CPU
		{AA1300B1-FF0F-44F5-879A-C703D3638247}.Release|Any CPU.Build.0 = Release|Any CPU
		{FD0CB7E2-C9FD-4039-B5D0-BE0302183808}.Debug|Any CPU.ActiveCfg = Debug|Any CPU
		{FD0CB7E2-C9FD-4039-B5D0-BE0302183808}.Debug|Any CPU.Build.0 = Debug|Any CPU
		{FD0CB7E2-C9FD-4039-B5D0-BE0302183808}.Release|Any CPU.ActiveCfg = Release|Any CPU
		{FD0CB7E2-C9FD-4039-B5D0-BE0302183808}.Release|Any CPU.Build.0 = Release|Any CPU
	EndGlobalSection
	GlobalSection(SolutionProperties) = preSolution
		HideSolutionNode = FALSE
	EndGlobalSection
	GlobalSection(ExtensibilityGlobals) = postSolution
		SolutionGuid = {DA4ACF21-36A0-457B-800D-FA9C20A4D086}
	EndGlobalSection
EndGlobal
