
Microsoft Visual Studio Solution File, Format Version 12.00
# Visual Studio Version 16
VisualStudioVersion = 16.0.31410.357
MinimumVisualStudioVersion = 10.0.40219.1
Project("{9A19103F-16F7-4668-BE54-9A1E7A4F7556}") = "Stealer", "Stealer\Stealer.csproj", "{7E386F11-15F1-4ECC-BCE0-49C933E0303B}"
EndProject
Project("{FAE04EC0-301F-11D3-BF4B-00C04F79EFBC}") = "HighQualityMistakes", "HighQualityMistakes\HighQualityMistakes.csproj", "{A6ACA476-D556-4B9D-8037-C32622A773D9}"
EndProject
Project("{FAE04EC0-301F-11D3-BF4B-00C04F79EFBC}") = "MissionPrivateImpossible", "MissionPrivateImpossible\MissionPrivateImpossible.csproj", "{0ADBA4B8-2C10-4370-8D59-18C226A24996}"
EndProject
Project("{FAE04EC0-301F-11D3-BF4B-00C04F79EFBC}") = "Collector", "Collector\Collector.csproj", "{5AAEB30A-D83B-46D3-A84A-78F9E368860A}"
EndProject
Project("{FAE04EC0-301F-11D3-BF4B-00C04F79EFBC}") = "AuthorProblem", "AuthorProblem\AuthorProblem.csproj", "{96832558-2A3D-4251-BA70-C9B14E70CDA1}"
EndProject
Global
	GlobalSection(SolutionConfigurationPlatforms) = preSolution
		Debug|Any CPU = Debug|Any CPU
		Release|Any CPU = Release|Any CPU
	EndGlobalSection
	GlobalSection(ProjectConfigurationPlatforms) = postSolution
		{7E386F11-15F1-4ECC-BCE0-49C933E0303B}.Debug|Any CPU.ActiveCfg = Debug|Any CPU
		{7E386F11-15F1-4ECC-BCE0-49C933E0303B}.Debug|Any CPU.Build.0 = Debug|Any CPU
		{7E386F11-15F1-4ECC-BCE0-49C933E0303B}.Release|Any CPU.ActiveCfg = Release|Any CPU
		{7E386F11-15F1-4ECC-BCE0-49C933E0303B}.Release|Any CPU.Build.0 = Release|Any CPU
		{A6ACA476-D556-4B9D-8037-C32622A773D9}.Debug|Any CPU.ActiveCfg = Debug|Any CPU
		{A6ACA476-D556-4B9D-8037-C32622A773D9}.Debug|Any CPU.Build.0 = Debug|Any CPU
		{A6ACA476-D556-4B9D-8037-C32622A773D9}.Release|Any CPU.ActiveCfg = Release|Any CPU
		{A6ACA476-D556-4B9D-8037-C32622A773D9}.Release|Any CPU.Build.0 = Release|Any CPU
		{0ADBA4B8-2C10-4370-8D59-18C226A24996}.Debug|Any CPU.ActiveCfg = Debug|Any CPU
		{0ADBA4B8-2C10-4370-8D59-18C226A24996}.Debug|Any CPU.Build.0 = Debug|Any CPU
		{0ADBA4B8-2C10-4370-8D59-18C226A24996}.Release|Any CPU.ActiveCfg = Release|Any CPU
		{0ADBA4B8-2C10-4370-8D59-18C226A24996}.Release|Any CPU.Build.0 = Release|Any CPU
		{5AAEB30A-D83B-46D3-A84A-78F9E368860A}.Debug|Any CPU.ActiveCfg = Debug|Any CPU
		{5AAEB30A-D83B-46D3-A84A-78F9E368860A}.Debug|Any CPU.Build.0 = Debug|Any CPU
		{5AAEB30A-D83B-46D3-A84A-78F9E368860A}.Release|Any CPU.ActiveCfg = Release|Any CPU
		{5AAEB30A-D83B-46D3-A84A-78F9E368860A}.Release|Any CPU.Build.0 = Release|Any CPU
		{96832558-2A3D-4251-BA70-C9B14E70CDA1}.Debug|Any CPU.ActiveCfg = Debug|Any CPU
		{96832558-2A3D-4251-BA70-C9B14E70CDA1}.Debug|Any CPU.Build.0 = Debug|Any CPU
		{96832558-2A3D-4251-BA70-C9B14E70CDA1}.Release|Any CPU.ActiveCfg = Release|Any CPU
		{96832558-2A3D-4251-BA70-C9B14E70CDA1}.Release|Any CPU.Build.0 = Release|Any CPU
	EndGlobalSection
	GlobalSection(SolutionProperties) = preSolution
		HideSolutionNode = FALSE
	EndGlobalSection
	GlobalSection(ExtensibilityGlobals) = postSolution
		SolutionGuid = {C4A89A8A-906C-48C6-880B-27825083662F}
	EndGlobalSection
EndGlobal
