
Microsoft Visual Studio Solution File, Format Version 12.00
# Visual Studio Version 16
VisualStudioVersion = 16.0.31410.357
MinimumVisualStudioVersion = 10.0.40219.1
Project("{FAE04EC0-301F-11D3-BF4B-00C04F79EFBC}") = "PersonsInfo", "PersonsInfo\PersonsInfo.csproj", "{2165BAFA-F489-4491-98B8-519AE8EDB7B0}"
EndProject
Global
	GlobalSection(SolutionConfigurationPlatforms) = preSolution
		Debug|Any CPU = Debug|Any CPU
		Release|Any CPU = Release|Any CPU
	EndGlobalSection
	GlobalSection(ProjectConfigurationPlatforms) = postSolution
		{2165BAFA-F489-4491-98B8-519AE8EDB7B0}.Debug|Any CPU.ActiveCfg = Debug|Any CPU
		{2165BAFA-F489-4491-98B8-519AE8EDB7B0}.Debug|Any CPU.Build.0 = Debug|Any CPU
		{2165BAFA-F489-4491-98B8-519AE8EDB7B0}.Release|Any CPU.ActiveCfg = Release|Any CPU
		{2165BAFA-F489-4491-98B8-519AE8EDB7B0}.Release|Any CPU.Build.0 = Release|Any CPU
	EndGlobalSection
	GlobalSection(SolutionProperties) = preSolution
		HideSolutionNode = FALSE
	EndGlobalSection
	GlobalSection(ExtensibilityGlobals) = postSolution
		SolutionGuid = {6F93D2F5-DACB-4717-B3F5-8EE485627DB5}
	EndGlobalSection
EndGlobal
