
Microsoft Visual Studio Solution File, Format Version 12.00
# Visual Studio Version 16
VisualStudioVersion = 16.0.30907.101
MinimumVisualStudioVersion = 10.0.40219.1
Project("{FAE04EC0-301F-11D3-BF4B-00C04F79EFBC}") = "1", "1\1.csproj", "{EF44BE0A-34D6-4AC5-8AFD-9BC97078AACC}"
EndProject
Project("{FAE04EC0-301F-11D3-BF4B-00C04F79EFBC}") = "2", "2\2.csproj", "{4BDB4609-31C8-4665-8F46-ABF59A7B1A06}"
EndProject
Project("{FAE04EC0-301F-11D3-BF4B-00C04F79EFBC}") = "3", "3\3.csproj", "{35C5FC3F-85C3-4D81-9449-5B28B61766AC}"
EndProject
Project("{FAE04EC0-301F-11D3-BF4B-00C04F79EFBC}") = "4", "4\4.csproj", "{C476BBE1-FE2A-4D69-8A47-BE968AF06C71}"
EndProject
Project("{FAE04EC0-301F-11D3-BF4B-00C04F79EFBC}") = "5", "5\5.csproj", "{39247107-A43A-4A12-B221-2162AB5A8D65}"
EndProject
Project("{FAE04EC0-301F-11D3-BF4B-00C04F79EFBC}") = "6", "6\6.csproj", "{034F1DB2-E002-46F3-941E-50299BD5EEF8}"
EndProject
Global
	GlobalSection(SolutionConfigurationPlatforms) = preSolution
		Debug|Any CPU = Debug|Any CPU
		Release|Any CPU = Release|Any CPU
	EndGlobalSection
	GlobalSection(ProjectConfigurationPlatforms) = postSolution
		{EF44BE0A-34D6-4AC5-8AFD-9BC97078AACC}.Debug|Any CPU.ActiveCfg = Debug|Any CPU
		{EF44BE0A-34D6-4AC5-8AFD-9BC97078AACC}.Debug|Any CPU.Build.0 = Debug|Any CPU
		{EF44BE0A-34D6-4AC5-8AFD-9BC97078AACC}.Release|Any CPU.ActiveCfg = Release|Any CPU
		{EF44BE0A-34D6-4AC5-8AFD-9BC97078AACC}.Release|Any CPU.Build.0 = Release|Any CPU
		{4BDB4609-31C8-4665-8F46-ABF59A7B1A06}.Debug|Any CPU.ActiveCfg = Debug|Any CPU
		{4BDB4609-31C8-4665-8F46-ABF59A7B1A06}.Debug|Any CPU.Build.0 = Debug|Any CPU
		{4BDB4609-31C8-4665-8F46-ABF59A7B1A06}.Release|Any CPU.ActiveCfg = Release|Any CPU
		{4BDB4609-31C8-4665-8F46-ABF59A7B1A06}.Release|Any CPU.Build.0 = Release|Any CPU
		{35C5FC3F-85C3-4D81-9449-5B28B61766AC}.Debug|Any CPU.ActiveCfg = Debug|Any CPU
		{35C5FC3F-85C3-4D81-9449-5B28B61766AC}.Debug|Any CPU.Build.0 = Debug|Any CPU
		{35C5FC3F-85C3-4D81-9449-5B28B61766AC}.Release|Any CPU.ActiveCfg = Release|Any CPU
		{35C5FC3F-85C3-4D81-9449-5B28B61766AC}.Release|Any CPU.Build.0 = Release|Any CPU
		{C476BBE1-FE2A-4D69-8A47-BE968AF06C71}.Debug|Any CPU.ActiveCfg = Debug|Any CPU
		{C476BBE1-FE2A-4D69-8A47-BE968AF06C71}.Debug|Any CPU.Build.0 = Debug|Any CPU
		{C476BBE1-FE2A-4D69-8A47-BE968AF06C71}.Release|Any CPU.ActiveCfg = Release|Any CPU
		{C476BBE1-FE2A-4D69-8A47-BE968AF06C71}.Release|Any CPU.Build.0 = Release|Any CPU
		{39247107-A43A-4A12-B221-2162AB5A8D65}.Debug|Any CPU.ActiveCfg = Debug|Any CPU
		{39247107-A43A-4A12-B221-2162AB5A8D65}.Debug|Any CPU.Build.0 = Debug|Any CPU
		{39247107-A43A-4A12-B221-2162AB5A8D65}.Release|Any CPU.ActiveCfg = Release|Any CPU
		{39247107-A43A-4A12-B221-2162AB5A8D65}.Release|Any CPU.Build.0 = Release|Any CPU
		{034F1DB2-E002-46F3-941E-50299BD5EEF8}.Debug|Any CPU.ActiveCfg = Debug|Any CPU
		{034F1DB2-E002-46F3-941E-50299BD5EEF8}.Debug|Any CPU.Build.0 = Debug|Any CPU
		{034F1DB2-E002-46F3-941E-50299BD5EEF8}.Release|Any CPU.ActiveCfg = Release|Any CPU
		{034F1DB2-E002-46F3-941E-50299BD5EEF8}.Release|Any CPU.Build.0 = Release|Any CPU
	EndGlobalSection
	GlobalSection(SolutionProperties) = preSolution
		HideSolutionNode = FALSE
	EndGlobalSection
	GlobalSection(ExtensibilityGlobals) = postSolution
		SolutionGuid = {01DC0915-C6F6-446B-9F08-EE44F23BAE7A}
	EndGlobalSection
EndGlobal
