
Microsoft Visual Studio Solution File, Format Version 12.00
# Visual Studio Version 16
VisualStudioVersion = 16.0.31205.134
MinimumVisualStudioVersion = 10.0.40219.1
Project("{FAE04EC0-301F-11D3-BF4B-00C04F79EFBC}") = "01.ValidUsername", "01.ValidUsername\01.ValidUsername.csproj", "{60C79DF8-E00E-46A3-97F1-AB0B1C1E3B68}"
EndProject
Project("{FAE04EC0-301F-11D3-BF4B-00C04F79EFBC}") = "02.CharacterMultiplier", "02.CharacterMultiplier\02.CharacterMultiplier.csproj", "{82C4C0C4-89BB-4487-9E67-D0CA93158C8D}"
EndProject
Project("{FAE04EC0-301F-11D3-BF4B-00C04F79EFBC}") = "03.ExtractFile", "03.ExtractFile\03.ExtractFile.csproj", "{BE6BE37E-6F2C-4C46-BE53-79245E97122D}"
EndProject
Project("{FAE04EC0-301F-11D3-BF4B-00C04F79EFBC}") = "04.CeasaCypher", "04.CeasaCypher\04.CeasaCypher.csproj", "{260B6446-2A49-4C75-AE36-A30218E819E9}"
EndProject
Project("{FAE04EC0-301F-11D3-BF4B-00C04F79EFBC}") = "05.MultiplieBigNumber", "05.MultiplieBigNumber\05.MultiplieBigNumber.csproj", "{ACE1EFCB-629E-4914-BC0B-F88A934A4904}"
EndProject
Global
	GlobalSection(SolutionConfigurationPlatforms) = preSolution
		Debug|Any CPU = Debug|Any CPU
		Release|Any CPU = Release|Any CPU
	EndGlobalSection
	GlobalSection(ProjectConfigurationPlatforms) = postSolution
		{60C79DF8-E00E-46A3-97F1-AB0B1C1E3B68}.Debug|Any CPU.ActiveCfg = Debug|Any CPU
		{60C79DF8-E00E-46A3-97F1-AB0B1C1E3B68}.Debug|Any CPU.Build.0 = Debug|Any CPU
		{60C79DF8-E00E-46A3-97F1-AB0B1C1E3B68}.Release|Any CPU.ActiveCfg = Release|Any CPU
		{60C79DF8-E00E-46A3-97F1-AB0B1C1E3B68}.Release|Any CPU.Build.0 = Release|Any CPU
		{82C4C0C4-89BB-4487-9E67-D0CA93158C8D}.Debug|Any CPU.ActiveCfg = Debug|Any CPU
		{82C4C0C4-89BB-4487-9E67-D0CA93158C8D}.Debug|Any CPU.Build.0 = Debug|Any CPU
		{82C4C0C4-89BB-4487-9E67-D0CA93158C8D}.Release|Any CPU.ActiveCfg = Release|Any CPU
		{82C4C0C4-89BB-4487-9E67-D0CA93158C8D}.Release|Any CPU.Build.0 = Release|Any CPU
		{BE6BE37E-6F2C-4C46-BE53-79245E97122D}.Debug|Any CPU.ActiveCfg = Debug|Any CPU
		{BE6BE37E-6F2C-4C46-BE53-79245E97122D}.Debug|Any CPU.Build.0 = Debug|Any CPU
		{BE6BE37E-6F2C-4C46-BE53-79245E97122D}.Release|Any CPU.ActiveCfg = Release|Any CPU
		{BE6BE37E-6F2C-4C46-BE53-79245E97122D}.Release|Any CPU.Build.0 = Release|Any CPU
		{260B6446-2A49-4C75-AE36-A30218E819E9}.Debug|Any CPU.ActiveCfg = Debug|Any CPU
		{260B6446-2A49-4C75-AE36-A30218E819E9}.Debug|Any CPU.Build.0 = Debug|Any CPU
		{260B6446-2A49-4C75-AE36-A30218E819E9}.Release|Any CPU.ActiveCfg = Release|Any CPU
		{260B6446-2A49-4C75-AE36-A30218E819E9}.Release|Any CPU.Build.0 = Release|Any CPU
		{ACE1EFCB-629E-4914-BC0B-F88A934A4904}.Debug|Any CPU.ActiveCfg = Debug|Any CPU
		{ACE1EFCB-629E-4914-BC0B-F88A934A4904}.Debug|Any CPU.Build.0 = Debug|Any CPU
		{ACE1EFCB-629E-4914-BC0B-F88A934A4904}.Release|Any CPU.ActiveCfg = Release|Any CPU
		{ACE1EFCB-629E-4914-BC0B-F88A934A4904}.Release|Any CPU.Build.0 = Release|Any CPU
	EndGlobalSection
	GlobalSection(SolutionProperties) = preSolution
		HideSolutionNode = FALSE
	EndGlobalSection
	GlobalSection(ExtensibilityGlobals) = postSolution
		SolutionGuid = {6774EE31-A238-44E6-81A4-432056523156}
	EndGlobalSection
EndGlobal
