
Microsoft Visual Studio Solution File, Format Version 12.00
# Visual Studio Version 16
VisualStudioVersion = 16.0.30907.101
MinimumVisualStudioVersion = 10.0.40219.1
Project("{FAE04EC0-301F-11D3-BF4B-00C04F79EFBC}") = "1", "1\1.csproj", "{8AFC3CD0-F966-4ADF-838F-B8F551D1E72D}"
EndProject
Project("{FAE04EC0-301F-11D3-BF4B-00C04F79EFBC}") = "1.1", "2\1.1.csproj", "{8D1D55AD-7650-49A4-AEDC-446B00AF8CD1}"
EndProject
Project("{FAE04EC0-301F-11D3-BF4B-00C04F79EFBC}") = "2.0", "2.0\2.0.csproj", "{1427DC6E-6343-4252-923F-AEC340A02135}"
EndProject
Project("{FAE04EC0-301F-11D3-BF4B-00C04F79EFBC}") = "2.1", "2.1\2.1.csproj", "{807242F2-E794-41D7-A087-65816975AF11}"
EndProject
Project("{FAE04EC0-301F-11D3-BF4B-00C04F79EFBC}") = "3", "3\3.csproj", "{17FEB3C7-BD5D-411D-BF1D-1481C511FB99}"
EndProject
Project("{FAE04EC0-301F-11D3-BF4B-00C04F79EFBC}") = "3.1", "3.1\3.1.csproj", "{B3011172-8D47-454E-9F55-14AFE62517A0}"
EndProject
Project("{FAE04EC0-301F-11D3-BF4B-00C04F79EFBC}") = "4", "4\4.csproj", "{665CCF92-70DB-461D-B48E-C50CB85CD00D}"
EndProject
Project("{FAE04EC0-301F-11D3-BF4B-00C04F79EFBC}") = "4.1", "4.1\4.1.csproj", "{91FA0C90-46E4-4857-9235-583A5DEC3C61}"
EndProject
Project("{FAE04EC0-301F-11D3-BF4B-00C04F79EFBC}") = "5", "5\5.csproj", "{C8D42259-1867-4F13-914E-FF9C3AC8E647}"
EndProject
Project("{FAE04EC0-301F-11D3-BF4B-00C04F79EFBC}") = "5.1", "5.1\5.1.csproj", "{8354E4EC-C972-4C42-B9CB-7B2952AC5C6B}"
EndProject
Project("{FAE04EC0-301F-11D3-BF4B-00C04F79EFBC}") = "6", "6\6.csproj", "{60671D91-B448-4246-90A8-27EAD5221010}"
EndProject
Project("{FAE04EC0-301F-11D3-BF4B-00C04F79EFBC}") = "6.1", "6.1\6.1.csproj", "{A9438AAA-8ED0-4F99-9F4D-CBD66A39C602}"
EndProject
Global
	GlobalSection(SolutionConfigurationPlatforms) = preSolution
		Debug|Any CPU = Debug|Any CPU
		Release|Any CPU = Release|Any CPU
	EndGlobalSection
	GlobalSection(ProjectConfigurationPlatforms) = postSolution
		{8AFC3CD0-F966-4ADF-838F-B8F551D1E72D}.Debug|Any CPU.ActiveCfg = Debug|Any CPU
		{8AFC3CD0-F966-4ADF-838F-B8F551D1E72D}.Debug|Any CPU.Build.0 = Debug|Any CPU
		{8AFC3CD0-F966-4ADF-838F-B8F551D1E72D}.Release|Any CPU.ActiveCfg = Release|Any CPU
		{8AFC3CD0-F966-4ADF-838F-B8F551D1E72D}.Release|Any CPU.Build.0 = Release|Any CPU
		{8D1D55AD-7650-49A4-AEDC-446B00AF8CD1}.Debug|Any CPU.ActiveCfg = Debug|Any CPU
		{8D1D55AD-7650-49A4-AEDC-446B00AF8CD1}.Debug|Any CPU.Build.0 = Debug|Any CPU
		{8D1D55AD-7650-49A4-AEDC-446B00AF8CD1}.Release|Any CPU.ActiveCfg = Release|Any CPU
		{8D1D55AD-7650-49A4-AEDC-446B00AF8CD1}.Release|Any CPU.Build.0 = Release|Any CPU
		{1427DC6E-6343-4252-923F-AEC340A02135}.Debug|Any CPU.ActiveCfg = Debug|Any CPU
		{1427DC6E-6343-4252-923F-AEC340A02135}.Debug|Any CPU.Build.0 = Debug|Any CPU
		{1427DC6E-6343-4252-923F-AEC340A02135}.Release|Any CPU.ActiveCfg = Release|Any CPU
		{1427DC6E-6343-4252-923F-AEC340A02135}.Release|Any CPU.Build.0 = Release|Any CPU
		{807242F2-E794-41D7-A087-65816975AF11}.Debug|Any CPU.ActiveCfg = Debug|Any CPU
		{807242F2-E794-41D7-A087-65816975AF11}.Debug|Any CPU.Build.0 = Debug|Any CPU
		{807242F2-E794-41D7-A087-65816975AF11}.Release|Any CPU.ActiveCfg = Release|Any CPU
		{807242F2-E794-41D7-A087-65816975AF11}.Release|Any CPU.Build.0 = Release|Any CPU
		{17FEB3C7-BD5D-411D-BF1D-1481C511FB99}.Debug|Any CPU.ActiveCfg = Debug|Any CPU
		{17FEB3C7-BD5D-411D-BF1D-1481C511FB99}.Debug|Any CPU.Build.0 = Debug|Any CPU
		{17FEB3C7-BD5D-411D-BF1D-1481C511FB99}.Release|Any CPU.ActiveCfg = Release|Any CPU
		{17FEB3C7-BD5D-411D-BF1D-1481C511FB99}.Release|Any CPU.Build.0 = Release|Any CPU
		{B3011172-8D47-454E-9F55-14AFE62517A0}.Debug|Any CPU.ActiveCfg = Debug|Any CPU
		{B3011172-8D47-454E-9F55-14AFE62517A0}.Debug|Any CPU.Build.0 = Debug|Any CPU
		{B3011172-8D47-454E-9F55-14AFE62517A0}.Release|Any CPU.ActiveCfg = Release|Any CPU
		{B3011172-8D47-454E-9F55-14AFE62517A0}.Release|Any CPU.Build.0 = Release|Any CPU
		{665CCF92-70DB-461D-B48E-C50CB85CD00D}.Debug|Any CPU.ActiveCfg = Debug|Any CPU
		{665CCF92-70DB-461D-B48E-C50CB85CD00D}.Debug|Any CPU.Build.0 = Debug|Any CPU
		{665CCF92-70DB-461D-B48E-C50CB85CD00D}.Release|Any CPU.ActiveCfg = Release|Any CPU
		{665CCF92-70DB-461D-B48E-C50CB85CD00D}.Release|Any CPU.Build.0 = Release|Any CPU
		{91FA0C90-46E4-4857-9235-583A5DEC3C61}.Debug|Any CPU.ActiveCfg = Debug|Any CPU
		{91FA0C90-46E4-4857-9235-583A5DEC3C61}.Debug|Any CPU.Build.0 = Debug|Any CPU
		{91FA0C90-46E4-4857-9235-583A5DEC3C61}.Release|Any CPU.ActiveCfg = Release|Any CPU
		{91FA0C90-46E4-4857-9235-583A5DEC3C61}.Release|Any CPU.Build.0 = Release|Any CPU
		{C8D42259-1867-4F13-914E-FF9C3AC8E647}.Debug|Any CPU.ActiveCfg = Debug|Any CPU
		{C8D42259-1867-4F13-914E-FF9C3AC8E647}.Debug|Any CPU.Build.0 = Debug|Any CPU
		{C8D42259-1867-4F13-914E-FF9C3AC8E647}.Release|Any CPU.ActiveCfg = Release|Any CPU
		{C8D42259-1867-4F13-914E-FF9C3AC8E647}.Release|Any CPU.Build.0 = Release|Any CPU
		{8354E4EC-C972-4C42-B9CB-7B2952AC5C6B}.Debug|Any CPU.ActiveCfg = Debug|Any CPU
		{8354E4EC-C972-4C42-B9CB-7B2952AC5C6B}.Debug|Any CPU.Build.0 = Debug|Any CPU
		{8354E4EC-C972-4C42-B9CB-7B2952AC5C6B}.Release|Any CPU.ActiveCfg = Release|Any CPU
		{8354E4EC-C972-4C42-B9CB-7B2952AC5C6B}.Release|Any CPU.Build.0 = Release|Any CPU
		{60671D91-B448-4246-90A8-27EAD5221010}.Debug|Any CPU.ActiveCfg = Debug|Any CPU
		{60671D91-B448-4246-90A8-27EAD5221010}.Debug|Any CPU.Build.0 = Debug|Any CPU
		{60671D91-B448-4246-90A8-27EAD5221010}.Release|Any CPU.ActiveCfg = Release|Any CPU
		{60671D91-B448-4246-90A8-27EAD5221010}.Release|Any CPU.Build.0 = Release|Any CPU
		{A9438AAA-8ED0-4F99-9F4D-CBD66A39C602}.Debug|Any CPU.ActiveCfg = Debug|Any CPU
		{A9438AAA-8ED0-4F99-9F4D-CBD66A39C602}.Debug|Any CPU.Build.0 = Debug|Any CPU
		{A9438AAA-8ED0-4F99-9F4D-CBD66A39C602}.Release|Any CPU.ActiveCfg = Release|Any CPU
		{A9438AAA-8ED0-4F99-9F4D-CBD66A39C602}.Release|Any CPU.Build.0 = Release|Any CPU
	EndGlobalSection
	GlobalSection(SolutionProperties) = preSolution
		HideSolutionNode = FALSE
	EndGlobalSection
	GlobalSection(ExtensibilityGlobals) = postSolution
		SolutionGuid = {53E19B3C-39D3-4224-A838-B45C67B70316}
	EndGlobalSection
EndGlobal
