
Microsoft Visual Studio Solution File, Format Version 12.00
# Visual Studio Version 16
VisualStudioVersion = 16.0.31729.503
MinimumVisualStudioVersion = 10.0.40219.1
Project("{FAE04EC0-301F-11D3-BF4B-00C04F79EFBC}") = "01.Scheduling", "01.Scheduling\01.Scheduling.csproj", "{AC89BB71-6E2D-4816-9840-8EB321FC1CD8}"
EndProject
Project("{FAE04EC0-301F-11D3-BF4B-00C04F79EFBC}") = "02.Garden", "02.Garden\02.Garden.csproj", "{2716A9C4-2E5E-492F-9C04-C28F83BF2D28}"
EndProject
Global
	GlobalSection(SolutionConfigurationPlatforms) = preSolution
		Debug|Any CPU = Debug|Any CPU
		Release|Any CPU = Release|Any CPU
	EndGlobalSection
	GlobalSection(ProjectConfigurationPlatforms) = postSolution
		{AC89BB71-6E2D-4816-9840-8EB321FC1CD8}.Debug|Any CPU.ActiveCfg = Debug|Any CPU
		{AC89BB71-6E2D-4816-9840-8EB321FC1CD8}.Debug|Any CPU.Build.0 = Debug|Any CPU
		{AC89BB71-6E2D-4816-9840-8EB321FC1CD8}.Release|Any CPU.ActiveCfg = Release|Any CPU
		{AC89BB71-6E2D-4816-9840-8EB321FC1CD8}.Release|Any CPU.Build.0 = Release|Any CPU
		{2716A9C4-2E5E-492F-9C04-C28F83BF2D28}.Debug|Any CPU.ActiveCfg = Debug|Any CPU
		{2716A9C4-2E5E-492F-9C04-C28F83BF2D28}.Debug|Any CPU.Build.0 = Debug|Any CPU
		{2716A9C4-2E5E-492F-9C04-C28F83BF2D28}.Release|Any CPU.ActiveCfg = Release|Any CPU
		{2716A9C4-2E5E-492F-9C04-C28F83BF2D28}.Release|Any CPU.Build.0 = Release|Any CPU
	EndGlobalSection
	GlobalSection(SolutionProperties) = preSolution
		HideSolutionNode = FALSE
	EndGlobalSection
	GlobalSection(ExtensibilityGlobals) = postSolution
		SolutionGuid = {70E59F3F-B3C5-4214-8A25-66484ACDD106}
	EndGlobalSection
EndGlobal
