
Microsoft Visual Studio Solution File, Format Version 12.00
# Visual Studio Version 16
VisualStudioVersion = 16.0.30907.101
MinimumVisualStudioVersion = 10.0.40219.1
Project("{FAE04EC0-301F-11D3-BF4B-00C04F79EFBC}") = "01", "01\01.csproj", "{2560F5BB-635E-4EF5-B209-920253B439C5}"
EndProject
Project("{FAE04EC0-301F-11D3-BF4B-00C04F79EFBC}") = "02", "02\02.csproj", "{4AF8FFA6-60B6-4282-B738-2F003251C087}"
EndProject
Project("{FAE04EC0-301F-11D3-BF4B-00C04F79EFBC}") = "03", "03\03.csproj", "{D7DB9A88-FC2E-4BDE-869D-336BC10AB17F}"
EndProject
Project("{FAE04EC0-301F-11D3-BF4B-00C04F79EFBC}") = "04", "04\04.csproj", "{033B95A4-1CC7-4462-8CE2-1CE079686B9B}"
EndProject
Project("{FAE04EC0-301F-11D3-BF4B-00C04F79EFBC}") = "05", "05\05.csproj", "{8BAA70DD-C50F-4194-8BFA-B985CFAFF0FD}"
EndProject
Project("{FAE04EC0-301F-11D3-BF4B-00C04F79EFBC}") = "06", "06\06.csproj", "{05B47898-43A8-497C-AFF5-AFF1CA06CD15}"
EndProject
Project("{FAE04EC0-301F-11D3-BF4B-00C04F79EFBC}") = "07", "07\07.csproj", "{327333BC-790E-4920-A8F8-2A8435079CB2}"
EndProject
Global
	GlobalSection(SolutionConfigurationPlatforms) = preSolution
		Debug|Any CPU = Debug|Any CPU
		Release|Any CPU = Release|Any CPU
	EndGlobalSection
	GlobalSection(ProjectConfigurationPlatforms) = postSolution
		{2560F5BB-635E-4EF5-B209-920253B439C5}.Debug|Any CPU.ActiveCfg = Debug|Any CPU
		{2560F5BB-635E-4EF5-B209-920253B439C5}.Debug|Any CPU.Build.0 = Debug|Any CPU
		{2560F5BB-635E-4EF5-B209-920253B439C5}.Release|Any CPU.ActiveCfg = Release|Any CPU
		{2560F5BB-635E-4EF5-B209-920253B439C5}.Release|Any CPU.Build.0 = Release|Any CPU
		{4AF8FFA6-60B6-4282-B738-2F003251C087}.Debug|Any CPU.ActiveCfg = Debug|Any CPU
		{4AF8FFA6-60B6-4282-B738-2F003251C087}.Debug|Any CPU.Build.0 = Debug|Any CPU
		{4AF8FFA6-60B6-4282-B738-2F003251C087}.Release|Any CPU.ActiveCfg = Release|Any CPU
		{4AF8FFA6-60B6-4282-B738-2F003251C087}.Release|Any CPU.Build.0 = Release|Any CPU
		{D7DB9A88-FC2E-4BDE-869D-336BC10AB17F}.Debug|Any CPU.ActiveCfg = Debug|Any CPU
		{D7DB9A88-FC2E-4BDE-869D-336BC10AB17F}.Debug|Any CPU.Build.0 = Debug|Any CPU
		{D7DB9A88-FC2E-4BDE-869D-336BC10AB17F}.Release|Any CPU.ActiveCfg = Release|Any CPU
		{D7DB9A88-FC2E-4BDE-869D-336BC10AB17F}.Release|Any CPU.Build.0 = Release|Any CPU
		{033B95A4-1CC7-4462-8CE2-1CE079686B9B}.Debug|Any CPU.ActiveCfg = Debug|Any CPU
		{033B95A4-1CC7-4462-8CE2-1CE079686B9B}.Debug|Any CPU.Build.0 = Debug|Any CPU
		{033B95A4-1CC7-4462-8CE2-1CE079686B9B}.Release|Any CPU.ActiveCfg = Release|Any CPU
		{033B95A4-1CC7-4462-8CE2-1CE079686B9B}.Release|Any CPU.Build.0 = Release|Any CPU
		{8BAA70DD-C50F-4194-8BFA-B985CFAFF0FD}.Debug|Any CPU.ActiveCfg = Debug|Any CPU
		{8BAA70DD-C50F-4194-8BFA-B985CFAFF0FD}.Debug|Any CPU.Build.0 = Debug|Any CPU
		{8BAA70DD-C50F-4194-8BFA-B985CFAFF0FD}.Release|Any CPU.ActiveCfg = Release|Any CPU
		{8BAA70DD-C50F-4194-8BFA-B985CFAFF0FD}.Release|Any CPU.Build.0 = Release|Any CPU
		{05B47898-43A8-497C-AFF5-AFF1CA06CD15}.Debug|Any CPU.ActiveCfg = Debug|Any CPU
		{05B47898-43A8-497C-AFF5-AFF1CA06CD15}.Debug|Any CPU.Build.0 = Debug|Any CPU
		{05B47898-43A8-497C-AFF5-AFF1CA06CD15}.Release|Any CPU.ActiveCfg = Release|Any CPU
		{05B47898-43A8-497C-AFF5-AFF1CA06CD15}.Release|Any CPU.Build.0 = Release|Any CPU
		{327333BC-790E-4920-A8F8-2A8435079CB2}.Debug|Any CPU.ActiveCfg = Debug|Any CPU
		{327333BC-790E-4920-A8F8-2A8435079CB2}.Debug|Any CPU.Build.0 = Debug|Any CPU
		{327333BC-790E-4920-A8F8-2A8435079CB2}.Release|Any CPU.ActiveCfg = Release|Any CPU
		{327333BC-790E-4920-A8F8-2A8435079CB2}.Release|Any CPU.Build.0 = Release|Any CPU
	EndGlobalSection
	GlobalSection(SolutionProperties) = preSolution
		HideSolutionNode = FALSE
	EndGlobalSection
	GlobalSection(ExtensibilityGlobals) = postSolution
		SolutionGuid = {6E604A5D-B77B-40D6-AEB0-9935261BA4D1}
	EndGlobalSection
EndGlobal
