
Microsoft Visual Studio Solution File, Format Version 12.00
# Visual Studio Version 16
VisualStudioVersion = 16.0.31729.503
MinimumVisualStudioVersion = 10.0.40219.1
Project("{FAE04EC0-301F-11D3-BF4B-00C04F79EFBC}") = "01.Bomb", "01.Bomb\01.Bomb.csproj", "{1A4BD91D-5951-4CE1-824D-E578F06F477A}"
EndProject
Project("{FAE04EC0-301F-11D3-BF4B-00C04F79EFBC}") = "02.Snake", "02.Snake\02.Snake.csproj", "{5BCB9B91-E8BD-4F95-9AD5-ABAB5C32A2EF}"
EndProject
Global
	GlobalSection(SolutionConfigurationPlatforms) = preSolution
		Debug|Any CPU = Debug|Any CPU
		Release|Any CPU = Release|Any CPU
	EndGlobalSection
	GlobalSection(ProjectConfigurationPlatforms) = postSolution
		{1A4BD91D-5951-4CE1-824D-E578F06F477A}.Debug|Any CPU.ActiveCfg = Debug|Any CPU
		{1A4BD91D-5951-4CE1-824D-E578F06F477A}.Debug|Any CPU.Build.0 = Debug|Any CPU
		{1A4BD91D-5951-4CE1-824D-E578F06F477A}.Release|Any CPU.ActiveCfg = Release|Any CPU
		{1A4BD91D-5951-4CE1-824D-E578F06F477A}.Release|Any CPU.Build.0 = Release|Any CPU
		{5BCB9B91-E8BD-4F95-9AD5-ABAB5C32A2EF}.Debug|Any CPU.ActiveCfg = Debug|Any CPU
		{5BCB9B91-E8BD-4F95-9AD5-ABAB5C32A2EF}.Debug|Any CPU.Build.0 = Debug|Any CPU
		{5BCB9B91-E8BD-4F95-9AD5-ABAB5C32A2EF}.Release|Any CPU.ActiveCfg = Release|Any CPU
		{5BCB9B91-E8BD-4F95-9AD5-ABAB5C32A2EF}.Release|Any CPU.Build.0 = Release|Any CPU
	EndGlobalSection
	GlobalSection(SolutionProperties) = preSolution
		HideSolutionNode = FALSE
	EndGlobalSection
	GlobalSection(ExtensibilityGlobals) = postSolution
		SolutionGuid = {86144E01-C970-4909-972F-597BC35B7715}
	EndGlobalSection
EndGlobal
