
Microsoft Visual Studio Solution File, Format Version 12.00
# Visual Studio Version 16
VisualStudioVersion = 16.0.30804.86
MinimumVisualStudioVersion = 10.0.40219.1
Project("{FAE04EC0-301F-11D3-BF4B-00C04F79EFBC}") = "55stars", "55stars\55stars.csproj", "{D08BBE35-0133-4F97-B319-CB893AE63B9D}"
EndProject
Global
	GlobalSection(SolutionConfigurationPlatforms) = preSolution
		Debug|Any CPU = Debug|Any CPU
		Release|Any CPU = Release|Any CPU
	EndGlobalSection
	GlobalSection(ProjectConfigurationPlatforms) = postSolution
		{D08BBE35-0133-4F97-B319-CB893AE63B9D}.Debug|Any CPU.ActiveCfg = Debug|Any CPU
		{D08BBE35-0133-4F97-B319-CB893AE63B9D}.Debug|Any CPU.Build.0 = Debug|Any CPU
		{D08BBE35-0133-4F97-B319-CB893AE63B9D}.Release|Any CPU.ActiveCfg = Release|Any CPU
		{D08BBE35-0133-4F97-B319-CB893AE63B9D}.Release|Any CPU.Build.0 = Release|Any CPU
	EndGlobalSection
	GlobalSection(SolutionProperties) = preSolution
		HideSolutionNode = FALSE
	EndGlobalSection
	GlobalSection(ExtensibilityGlobals) = postSolution
		SolutionGuid = {6A99AD6C-7ADF-4F89-8CFF-95BA43BFD3AC}
	EndGlobalSection
EndGlobal
