
Microsoft Visual Studio Solution File, Format Version 12.00
# Visual Studio Version 16
VisualStudioVersion = 16.0.31205.134
MinimumVisualStudioVersion = 10.0.40219.1
Project("{FAE04EC0-301F-11D3-BF4B-00C04F79EFBC}") = "03.Furniture", "03.Furniture\03.Furniture.csproj", "{BA85BA07-B13A-4031-BE48-0CADAD55FBDE}"
EndProject
Project("{FAE04EC0-301F-11D3-BF4B-00C04F79EFBC}") = "02.Race", "02.Race\02.Race.csproj", "{EDE86246-CA6C-4CBF-9779-24C4D6CBF7F3}"
EndProject
Global
	GlobalSection(SolutionConfigurationPlatforms) = preSolution
		Debug|Any CPU = Debug|Any CPU
		Release|Any CPU = Release|Any CPU
	EndGlobalSection
	GlobalSection(ProjectConfigurationPlatforms) = postSolution
		{BA85BA07-B13A-4031-BE48-0CADAD55FBDE}.Debug|Any CPU.ActiveCfg = Debug|Any CPU
		{BA85BA07-B13A-4031-BE48-0CADAD55FBDE}.Debug|Any CPU.Build.0 = Debug|Any CPU
		{BA85BA07-B13A-4031-BE48-0CADAD55FBDE}.Release|Any CPU.ActiveCfg = Release|Any CPU
		{BA85BA07-B13A-4031-BE48-0CADAD55FBDE}.Release|Any CPU.Build.0 = Release|Any CPU
		{EDE86246-CA6C-4CBF-9779-24C4D6CBF7F3}.Debug|Any CPU.ActiveCfg = Debug|Any CPU
		{EDE86246-CA6C-4CBF-9779-24C4D6CBF7F3}.Debug|Any CPU.Build.0 = Debug|Any CPU
		{EDE86246-CA6C-4CBF-9779-24C4D6CBF7F3}.Release|Any CPU.ActiveCfg = Release|Any CPU
		{EDE86246-CA6C-4CBF-9779-24C4D6CBF7F3}.Release|Any CPU.Build.0 = Release|Any CPU
	EndGlobalSection
	GlobalSection(SolutionProperties) = preSolution
		HideSolutionNode = FALSE
	EndGlobalSection
	GlobalSection(ExtensibilityGlobals) = postSolution
		SolutionGuid = {79879712-CF54-4C8B-95EC-978DF0AA18C8}
	EndGlobalSection
EndGlobal
