
Microsoft Visual Studio Solution File, Format Version 12.00
# Visual Studio Version 16
VisualStudioVersion = 16.0.31005.135
MinimumVisualStudioVersion = 10.0.40219.1
Project("{FAE04EC0-301F-11D3-BF4B-00C04F79EFBC}") = "1", "1\1.csproj", "{1FCF7E6A-8F06-46BF-9256-636F1D235A9A}"
EndProject
Project("{FAE04EC0-301F-11D3-BF4B-00C04F79EFBC}") = "2", "2\2.csproj", "{DF537473-910B-463A-949E-EF93E322C46D}"
EndProject
Project("{FAE04EC0-301F-11D3-BF4B-00C04F79EFBC}") = "3", "3\3.csproj", "{D353E0FE-6B49-479E-A7B6-829C957176DB}"
EndProject
Project("{FAE04EC0-301F-11D3-BF4B-00C04F79EFBC}") = "4", "4\4.csproj", "{9951BEAF-8DA5-45B2-A29E-E13A5AD8B15C}"
EndProject
Project("{FAE04EC0-301F-11D3-BF4B-00C04F79EFBC}") = "5", "5\5.csproj", "{9CA47781-70D6-4988-B2D9-F4152BFCE7E7}"
EndProject
Project("{FAE04EC0-301F-11D3-BF4B-00C04F79EFBC}") = "6", "6\6.csproj", "{44DDA9AB-46D2-4C9F-AB1D-2184B34C027B}"
EndProject
Project("{FAE04EC0-301F-11D3-BF4B-00C04F79EFBC}") = "1.1", "1.1\1.1.csproj", "{A08AAE23-4C34-409A-AC82-05F12DCD0321}"
EndProject
Project("{FAE04EC0-301F-11D3-BF4B-00C04F79EFBC}") = "2,1", "2,1\2,1.csproj", "{9381CAAE-640B-4ADF-9655-4E2518AC1A29}"
EndProject
Project("{FAE04EC0-301F-11D3-BF4B-00C04F79EFBC}") = "3.1", "3.1\3.1.csproj", "{6DE0A4AD-20D3-454C-8785-1CCC514610F7}"
EndProject
Project("{FAE04EC0-301F-11D3-BF4B-00C04F79EFBC}") = "4.1", "4.1\4.1.csproj", "{90978B1E-BA6A-4C4D-B998-493919A8557A}"
EndProject
Project("{FAE04EC0-301F-11D3-BF4B-00C04F79EFBC}") = "5.1", "5.1\5.1.csproj", "{539821E5-90CF-4208-AF91-AE22FABBB5A7}"
EndProject
Global
	GlobalSection(SolutionConfigurationPlatforms) = preSolution
		Debug|Any CPU = Debug|Any CPU
		Release|Any CPU = Release|Any CPU
	EndGlobalSection
	GlobalSection(ProjectConfigurationPlatforms) = postSolution
		{1FCF7E6A-8F06-46BF-9256-636F1D235A9A}.Debug|Any CPU.ActiveCfg = Debug|Any CPU
		{1FCF7E6A-8F06-46BF-9256-636F1D235A9A}.Debug|Any CPU.Build.0 = Debug|Any CPU
		{1FCF7E6A-8F06-46BF-9256-636F1D235A9A}.Release|Any CPU.ActiveCfg = Release|Any CPU
		{1FCF7E6A-8F06-46BF-9256-636F1D235A9A}.Release|Any CPU.Build.0 = Release|Any CPU
		{DF537473-910B-463A-949E-EF93E322C46D}.Debug|Any CPU.ActiveCfg = Debug|Any CPU
		{DF537473-910B-463A-949E-EF93E322C46D}.Debug|Any CPU.Build.0 = Debug|Any CPU
		{DF537473-910B-463A-949E-EF93E322C46D}.Release|Any CPU.ActiveCfg = Release|Any CPU
		{DF537473-910B-463A-949E-EF93E322C46D}.Release|Any CPU.Build.0 = Release|Any CPU
		{D353E0FE-6B49-479E-A7B6-829C957176DB}.Debug|Any CPU.ActiveCfg = Debug|Any CPU
		{D353E0FE-6B49-479E-A7B6-829C957176DB}.Debug|Any CPU.Build.0 = Debug|Any CPU
		{D353E0FE-6B49-479E-A7B6-829C957176DB}.Release|Any CPU.ActiveCfg = Release|Any CPU
		{D353E0FE-6B49-479E-A7B6-829C957176DB}.Release|Any CPU.Build.0 = Release|Any CPU
		{9951BEAF-8DA5-45B2-A29E-E13A5AD8B15C}.Debug|Any CPU.ActiveCfg = Debug|Any CPU
		{9951BEAF-8DA5-45B2-A29E-E13A5AD8B15C}.Debug|Any CPU.Build.0 = Debug|Any CPU
		{9951BEAF-8DA5-45B2-A29E-E13A5AD8B15C}.Release|Any CPU.ActiveCfg = Release|Any CPU
		{9951BEAF-8DA5-45B2-A29E-E13A5AD8B15C}.Release|Any CPU.Build.0 = Release|Any CPU
		{9CA47781-70D6-4988-B2D9-F4152BFCE7E7}.Debug|Any CPU.ActiveCfg = Debug|Any CPU
		{9CA47781-70D6-4988-B2D9-F4152BFCE7E7}.Debug|Any CPU.Build.0 = Debug|Any CPU
		{9CA47781-70D6-4988-B2D9-F4152BFCE7E7}.Release|Any CPU.ActiveCfg = Release|Any CPU
		{9CA47781-70D6-4988-B2D9-F4152BFCE7E7}.Release|Any CPU.Build.0 = Release|Any CPU
		{44DDA9AB-46D2-4C9F-AB1D-2184B34C027B}.Debug|Any CPU.ActiveCfg = Debug|Any CPU
		{44DDA9AB-46D2-4C9F-AB1D-2184B34C027B}.Debug|Any CPU.Build.0 = Debug|Any CPU
		{44DDA9AB-46D2-4C9F-AB1D-2184B34C027B}.Release|Any CPU.ActiveCfg = Release|Any CPU
		{44DDA9AB-46D2-4C9F-AB1D-2184B34C027B}.Release|Any CPU.Build.0 = Release|Any CPU
		{A08AAE23-4C34-409A-AC82-05F12DCD0321}.Debug|Any CPU.ActiveCfg = Debug|Any CPU
		{A08AAE23-4C34-409A-AC82-05F12DCD0321}.Debug|Any CPU.Build.0 = Debug|Any CPU
		{A08AAE23-4C34-409A-AC82-05F12DCD0321}.Release|Any CPU.ActiveCfg = Release|Any CPU
		{A08AAE23-4C34-409A-AC82-05F12DCD0321}.Release|Any CPU.Build.0 = Release|Any CPU
		{9381CAAE-640B-4ADF-9655-4E2518AC1A29}.Debug|Any CPU.ActiveCfg = Debug|Any CPU
		{9381CAAE-640B-4ADF-9655-4E2518AC1A29}.Debug|Any CPU.Build.0 = Debug|Any CPU
		{9381CAAE-640B-4ADF-9655-4E2518AC1A29}.Release|Any CPU.ActiveCfg = Release|Any CPU
		{9381CAAE-640B-4ADF-9655-4E2518AC1A29}.Release|Any CPU.Build.0 = Release|Any CPU
		{6DE0A4AD-20D3-454C-8785-1CCC514610F7}.Debug|Any CPU.ActiveCfg = Debug|Any CPU
		{6DE0A4AD-20D3-454C-8785-1CCC514610F7}.Debug|Any CPU.Build.0 = Debug|Any CPU
		{6DE0A4AD-20D3-454C-8785-1CCC514610F7}.Release|Any CPU.ActiveCfg = Release|Any CPU
		{6DE0A4AD-20D3-454C-8785-1CCC514610F7}.Release|Any CPU.Build.0 = Release|Any CPU
		{90978B1E-BA6A-4C4D-B998-493919A8557A}.Debug|Any CPU.ActiveCfg = Debug|Any CPU
		{90978B1E-BA6A-4C4D-B998-493919A8557A}.Debug|Any CPU.Build.0 = Debug|Any CPU
		{90978B1E-BA6A-4C4D-B998-493919A8557A}.Release|Any CPU.ActiveCfg = Release|Any CPU
		{90978B1E-BA6A-4C4D-B998-493919A8557A}.Release|Any CPU.Build.0 = Release|Any CPU
		{539821E5-90CF-4208-AF91-AE22FABBB5A7}.Debug|Any CPU.ActiveCfg = Debug|Any CPU
		{539821E5-90CF-4208-AF91-AE22FABBB5A7}.Debug|Any CPU.Build.0 = Debug|Any CPU
		{539821E5-90CF-4208-AF91-AE22FABBB5A7}.Release|Any CPU.ActiveCfg = Release|Any CPU
		{539821E5-90CF-4208-AF91-AE22FABBB5A7}.Release|Any CPU.Build.0 = Release|Any CPU
	EndGlobalSection
	GlobalSection(SolutionProperties) = preSolution
		HideSolutionNode = FALSE
	EndGlobalSection
	GlobalSection(ExtensibilityGlobals) = postSolution
		SolutionGuid = {C6BC5014-BCA1-4518-8CEB-AABAB5C10B68}
	EndGlobalSection
EndGlobal
