
Microsoft Visual Studio Solution File, Format Version 12.00
# Visual Studio Version 16
VisualStudioVersion = 16.0.31205.134
MinimumVisualStudioVersion = 10.0.40219.1
Project("{FAE04EC0-301F-11D3-BF4B-00C04F79EFBC}") = "01.SumMatrixElements", "01.SumMatrixElements\01.SumMatrixElements.csproj", "{5289DC07-C990-4554-A10C-B53F80519C48}"
EndProject
Project("{FAE04EC0-301F-11D3-BF4B-00C04F79EFBC}") = "02.SumMatrixCol", "02.SumMatrixCol\02.SumMatrixCol.csproj", "{AE633E2A-8077-4BF4-89EE-BC4302DD7FDE}"
EndProject
Project("{FAE04EC0-301F-11D3-BF4B-00C04F79EFBC}") = "03.PrimaryDiagonal", "03.PrimaryDiagonal\03.PrimaryDiagonal.csproj", "{2762012E-D248-4E73-B5B8-DAF2FA25942D}"
EndProject
Project("{FAE04EC0-301F-11D3-BF4B-00C04F79EFBC}") = "04.SymbolMatrix", "04.SymbolMatrix\04.SymbolMatrix.csproj", "{C90FF4C2-D22B-47AE-9301-272472055054}"
EndProject
Project("{FAE04EC0-301F-11D3-BF4B-00C04F79EFBC}") = "05.SquareWithMaximumSum", "05.SquareWithMaximumSum\05.SquareWithMaximumSum.csproj", "{C6C0ACF9-1B31-42E7-98AC-08FE06292996}"
EndProject
Global
	GlobalSection(SolutionConfigurationPlatforms) = preSolution
		Debug|Any CPU = Debug|Any CPU
		Release|Any CPU = Release|Any CPU
	EndGlobalSection
	GlobalSection(ProjectConfigurationPlatforms) = postSolution
		{5289DC07-C990-4554-A10C-B53F80519C48}.Debug|Any CPU.ActiveCfg = Debug|Any CPU
		{5289DC07-C990-4554-A10C-B53F80519C48}.Debug|Any CPU.Build.0 = Debug|Any CPU
		{5289DC07-C990-4554-A10C-B53F80519C48}.Release|Any CPU.ActiveCfg = Release|Any CPU
		{5289DC07-C990-4554-A10C-B53F80519C48}.Release|Any CPU.Build.0 = Release|Any CPU
		{AE633E2A-8077-4BF4-89EE-BC4302DD7FDE}.Debug|Any CPU.ActiveCfg = Debug|Any CPU
		{AE633E2A-8077-4BF4-89EE-BC4302DD7FDE}.Debug|Any CPU.Build.0 = Debug|Any CPU
		{AE633E2A-8077-4BF4-89EE-BC4302DD7FDE}.Release|Any CPU.ActiveCfg = Release|Any CPU
		{AE633E2A-8077-4BF4-89EE-BC4302DD7FDE}.Release|Any CPU.Build.0 = Release|Any CPU
		{2762012E-D248-4E73-B5B8-DAF2FA25942D}.Debug|Any CPU.ActiveCfg = Debug|Any CPU
		{2762012E-D248-4E73-B5B8-DAF2FA25942D}.Debug|Any CPU.Build.0 = Debug|Any CPU
		{2762012E-D248-4E73-B5B8-DAF2FA25942D}.Release|Any CPU.ActiveCfg = Release|Any CPU
		{2762012E-D248-4E73-B5B8-DAF2FA25942D}.Release|Any CPU.Build.0 = Release|Any CPU
		{C90FF4C2-D22B-47AE-9301-272472055054}.Debug|Any CPU.ActiveCfg = Debug|Any CPU
		{C90FF4C2-D22B-47AE-9301-272472055054}.Debug|Any CPU.Build.0 = Debug|Any CPU
		{C90FF4C2-D22B-47AE-9301-272472055054}.Release|Any CPU.ActiveCfg = Release|Any CPU
		{C90FF4C2-D22B-47AE-9301-272472055054}.Release|Any CPU.Build.0 = Release|Any CPU
		{C6C0ACF9-1B31-42E7-98AC-08FE06292996}.Debug|Any CPU.ActiveCfg = Debug|Any CPU
		{C6C0ACF9-1B31-42E7-98AC-08FE06292996}.Debug|Any CPU.Build.0 = Debug|Any CPU
		{C6C0ACF9-1B31-42E7-98AC-08FE06292996}.Release|Any CPU.ActiveCfg = Release|Any CPU
		{C6C0ACF9-1B31-42E7-98AC-08FE06292996}.Release|Any CPU.Build.0 = Release|Any CPU
	EndGlobalSection
	GlobalSection(SolutionProperties) = preSolution
		HideSolutionNode = FALSE
	EndGlobalSection
	GlobalSection(ExtensibilityGlobals) = postSolution
		SolutionGuid = {180838DF-5298-4CB4-82D2-CBA4D7C249B8}
	EndGlobalSection
EndGlobal
