
Microsoft Visual Studio Solution File, Format Version 12.00
# Visual Studio Version 16
VisualStudioVersion = 16.0.31410.357
MinimumVisualStudioVersion = 10.0.40219.1
Project("{FAE04EC0-301F-11D3-BF4B-00C04F79EFBC}") = "PrototypePattern", "PrototypePattern\PrototypePattern.csproj", "{5A3EC12F-FAAF-4941-B980-2277C9423000}"
EndProject
Project("{FAE04EC0-301F-11D3-BF4B-00C04F79EFBC}") = "CompositePattern", "CompositePattern\CompositePattern.csproj", "{052228BF-AB4C-4614-85BE-AC3D624F7802}"
EndProject
Project("{FAE04EC0-301F-11D3-BF4B-00C04F79EFBC}") = "TemplatePattern", "TemplatePattern\TemplatePattern.csproj", "{DE615E68-497B-4D97-BBF0-2A2991D1E9DF}"
EndProject
Global
	GlobalSection(SolutionConfigurationPlatforms) = preSolution
		Debug|Any CPU = Debug|Any CPU
		Release|Any CPU = Release|Any CPU
	EndGlobalSection
	GlobalSection(ProjectConfigurationPlatforms) = postSolution
		{5A3EC12F-FAAF-4941-B980-2277C9423000}.Debug|Any CPU.ActiveCfg = Debug|Any CPU
		{5A3EC12F-FAAF-4941-B980-2277C9423000}.Debug|Any CPU.Build.0 = Debug|Any CPU
		{5A3EC12F-FAAF-4941-B980-2277C9423000}.Release|Any CPU.ActiveCfg = Release|Any CPU
		{5A3EC12F-FAAF-4941-B980-2277C9423000}.Release|Any CPU.Build.0 = Release|Any CPU
		{052228BF-AB4C-4614-85BE-AC3D624F7802}.Debug|Any CPU.ActiveCfg = Debug|Any CPU
		{052228BF-AB4C-4614-85BE-AC3D624F7802}.Debug|Any CPU.Build.0 = Debug|Any CPU
		{052228BF-AB4C-4614-85BE-AC3D624F7802}.Release|Any CPU.ActiveCfg = Release|Any CPU
		{052228BF-AB4C-4614-85BE-AC3D624F7802}.Release|Any CPU.Build.0 = Release|Any CPU
		{DE615E68-497B-4D97-BBF0-2A2991D1E9DF}.Debug|Any CPU.ActiveCfg = Debug|Any CPU
		{DE615E68-497B-4D97-BBF0-2A2991D1E9DF}.Debug|Any CPU.Build.0 = Debug|Any CPU
		{DE615E68-497B-4D97-BBF0-2A2991D1E9DF}.Release|Any CPU.ActiveCfg = Release|Any CPU
		{DE615E68-497B-4D97-BBF0-2A2991D1E9DF}.Release|Any CPU.Build.0 = Release|Any CPU
	EndGlobalSection
	GlobalSection(SolutionProperties) = preSolution
		HideSolutionNode = FALSE
	EndGlobalSection
	GlobalSection(ExtensibilityGlobals) = postSolution
		SolutionGuid = {14C58461-EE4C-4C3D-BF2A-5285BE0273C6}
	EndGlobalSection
EndGlobal
