
Microsoft Visual Studio Solution File, Format Version 12.00
# Visual Studio Version 16
VisualStudioVersion = 16.0.31025.194
MinimumVisualStudioVersion = 10.0.40219.1
Project("{9A19103F-16F7-4668-BE54-9A1E7A4F7556}") = "⦁ Sign of Integer Numbers", "⦁ Sign of Integer Numbers\⦁ Sign of Integer Numbers.csproj", "{DEBA6D17-CC77-4447-BBE3-5CC99DF608F6}"
EndProject
Project("{9A19103F-16F7-4668-BE54-9A1E7A4F7556}") = "Grades", "Grades\Grades.csproj", "{FFE7C075-E09C-4C07-A540-D068CB96003F}"
EndProject
Project("{9A19103F-16F7-4668-BE54-9A1E7A4F7556}") = "Calculations", "Calculations\Calculations.csproj", "{BCC77772-B44D-4F95-8111-B42354D1E79F}"
EndProject
Project("{9A19103F-16F7-4668-BE54-9A1E7A4F7556}") = "⦁ Printing Triangle", "⦁ Printing Triangle\⦁ Printing Triangle.csproj", "{B88615BF-AEFC-4931-BA5E-462309F98671}"
EndProject
Project("{9A19103F-16F7-4668-BE54-9A1E7A4F7556}") = "Orders", "Orders\Orders.csproj", "{C6C33084-5AE8-4003-8267-20380EA11072}"
EndProject
Project("{9A19103F-16F7-4668-BE54-9A1E7A4F7556}") = "⦁ Calculate Rectangle Area", "⦁ Calculate Rectangle Area\⦁ Calculate Rectangle Area.csproj", "{DE14AC75-935D-4F03-9E68-019032DBB034}"
EndProject
Project("{9A19103F-16F7-4668-BE54-9A1E7A4F7556}") = "RepeatString", "RepeatString\RepeatString.csproj", "{4F419FC5-3079-42D9-9FFC-392A4666A966}"
EndProject
Project("{9A19103F-16F7-4668-BE54-9A1E7A4F7556}") = "Math.Pow", "Math.PO\Math.Pow.csproj", "{211CC40F-79EC-4386-871D-A76603875C83}"
EndProject
Project("{9A19103F-16F7-4668-BE54-9A1E7A4F7556}") = "⦁ Greater of Two Values", "⦁ Greater of Two Values\⦁ Greater of Two Values.csproj", "{6E224C82-63CF-478A-B8B3-C6318AE16364}"
EndProject
Project("{9A19103F-16F7-4668-BE54-9A1E7A4F7556}") = "⦁ Multiply Evens by Odds", "⦁ Multiply Evens by Odds\⦁ Multiply Evens by Odds.csproj", "{20C00459-4407-4C00-B149-33828E6A6B13}"
EndProject
Project("{FAE04EC0-301F-11D3-BF4B-00C04F79EFBC}") = "Math Operations", "Math Operations\Math Operations.csproj", "{0259ECB9-5482-4E2E-9C2A-13E46BF700B9}"
EndProject
Global
	GlobalSection(SolutionConfigurationPlatforms) = preSolution
		Debug|Any CPU = Debug|Any CPU
		Release|Any CPU = Release|Any CPU
	EndGlobalSection
	GlobalSection(ProjectConfigurationPlatforms) = postSolution
		{DEBA6D17-CC77-4447-BBE3-5CC99DF608F6}.Debug|Any CPU.ActiveCfg = Debug|Any CPU
		{DEBA6D17-CC77-4447-BBE3-5CC99DF608F6}.Debug|Any CPU.Build.0 = Debug|Any CPU
		{DEBA6D17-CC77-4447-BBE3-5CC99DF608F6}.Release|Any CPU.ActiveCfg = Release|Any CPU
		{DEBA6D17-CC77-4447-BBE3-5CC99DF608F6}.Release|Any CPU.Build.0 = Release|Any CPU
		{FFE7C075-E09C-4C07-A540-D068CB96003F}.Debug|Any CPU.ActiveCfg = Debug|Any CPU
		{FFE7C075-E09C-4C07-A540-D068CB96003F}.Debug|Any CPU.Build.0 = Debug|Any CPU
		{FFE7C075-E09C-4C07-A540-D068CB96003F}.Release|Any CPU.ActiveCfg = Release|Any CPU
		{FFE7C075-E09C-4C07-A540-D068CB96003F}.Release|Any CPU.Build.0 = Release|Any CPU
		{BCC77772-B44D-4F95-8111-B42354D1E79F}.Debug|Any CPU.ActiveCfg = Debug|Any CPU
		{BCC77772-B44D-4F95-8111-B42354D1E79F}.Debug|Any CPU.Build.0 = Debug|Any CPU
		{BCC77772-B44D-4F95-8111-B42354D1E79F}.Release|Any CPU.ActiveCfg = Release|Any CPU
		{BCC77772-B44D-4F95-8111-B42354D1E79F}.Release|Any CPU.Build.0 = Release|Any CPU
		{B88615BF-AEFC-4931-BA5E-462309F98671}.Debug|Any CPU.ActiveCfg = Debug|Any CPU
		{B88615BF-AEFC-4931-BA5E-462309F98671}.Debug|Any CPU.Build.0 = Debug|Any CPU
		{B88615BF-AEFC-4931-BA5E-462309F98671}.Release|Any CPU.ActiveCfg = Release|Any CPU
		{B88615BF-AEFC-4931-BA5E-462309F98671}.Release|Any CPU.Build.0 = Release|Any CPU
		{C6C33084-5AE8-4003-8267-20380EA11072}.Debug|Any CPU.ActiveCfg = Debug|Any CPU
		{C6C33084-5AE8-4003-8267-20380EA11072}.Debug|Any CPU.Build.0 = Debug|Any CPU
		{C6C33084-5AE8-4003-8267-20380EA11072}.Release|Any CPU.ActiveCfg = Release|Any CPU
		{C6C33084-5AE8-4003-8267-20380EA11072}.Release|Any CPU.Build.0 = Release|Any CPU
		{DE14AC75-935D-4F03-9E68-019032DBB034}.Debug|Any CPU.ActiveCfg = Debug|Any CPU
		{DE14AC75-935D-4F03-9E68-019032DBB034}.Debug|Any CPU.Build.0 = Debug|Any CPU
		{DE14AC75-935D-4F03-9E68-019032DBB034}.Release|Any CPU.ActiveCfg = Release|Any CPU
		{DE14AC75-935D-4F03-9E68-019032DBB034}.Release|Any CPU.Build.0 = Release|Any CPU
		{4F419FC5-3079-42D9-9FFC-392A4666A966}.Debug|Any CPU.ActiveCfg = Debug|Any CPU
		{4F419FC5-3079-42D9-9FFC-392A4666A966}.Debug|Any CPU.Build.0 = Debug|Any CPU
		{4F419FC5-3079-42D9-9FFC-392A4666A966}.Release|Any CPU.ActiveCfg = Release|Any CPU
		{4F419FC5-3079-42D9-9FFC-392A4666A966}.Release|Any CPU.Build.0 = Release|Any CPU
		{211CC40F-79EC-4386-871D-A76603875C83}.Debug|Any CPU.ActiveCfg = Debug|Any CPU
		{211CC40F-79EC-4386-871D-A76603875C83}.Debug|Any CPU.Build.0 = Debug|Any CPU
		{211CC40F-79EC-4386-871D-A76603875C83}.Release|Any CPU.ActiveCfg = Release|Any CPU
		{211CC40F-79EC-4386-871D-A76603875C83}.Release|Any CPU.Build.0 = Release|Any CPU
		{6E224C82-63CF-478A-B8B3-C6318AE16364}.Debug|Any CPU.ActiveCfg = Debug|Any CPU
		{6E224C82-63CF-478A-B8B3-C6318AE16364}.Debug|Any CPU.Build.0 = Debug|Any CPU
		{6E224C82-63CF-478A-B8B3-C6318AE16364}.Release|Any CPU.ActiveCfg = Release|Any CPU
		{6E224C82-63CF-478A-B8B3-C6318AE16364}.Release|Any CPU.Build.0 = Release|Any CPU
		{20C00459-4407-4C00-B149-33828E6A6B13}.Debug|Any CPU.ActiveCfg = Debug|Any CPU
		{20C00459-4407-4C00-B149-33828E6A6B13}.Debug|Any CPU.Build.0 = Debug|Any CPU
		{20C00459-4407-4C00-B149-33828E6A6B13}.Release|Any CPU.ActiveCfg = Release|Any CPU
		{20C00459-4407-4C00-B149-33828E6A6B13}.Release|Any CPU.Build.0 = Release|Any CPU
		{0259ECB9-5482-4E2E-9C2A-13E46BF700B9}.Debug|Any CPU.ActiveCfg = Debug|Any CPU
		{0259ECB9-5482-4E2E-9C2A-13E46BF700B9}.Debug|Any CPU.Build.0 = Debug|Any CPU
		{0259ECB9-5482-4E2E-9C2A-13E46BF700B9}.Release|Any CPU.ActiveCfg = Release|Any CPU
		{0259ECB9-5482-4E2E-9C2A-13E46BF700B9}.Release|Any CPU.Build.0 = Release|Any CPU
	EndGlobalSection
	GlobalSection(SolutionProperties) = preSolution
		HideSolutionNode = FALSE
	EndGlobalSection
	GlobalSection(ExtensibilityGlobals) = postSolution
		SolutionGuid = {AEB43959-DEDB-4AE6-9169-3686C5ABB925}
	EndGlobalSection
EndGlobal
