
Microsoft Visual Studio Solution File, Format Version 12.00
# Visual Studio Version 16
VisualStudioVersion = 16.0.31410.357
MinimumVisualStudioVersion = 10.0.40219.1
Project("{9A19103F-16F7-4668-BE54-9A1E7A4F7556}") = "GenericArrayCreator", "GenericArrayCreator\GenericArrayCreator.csproj", "{2E798972-4030-454B-A0E2-EE4EDC3C2631}"
EndProject
Project("{FAE04EC0-301F-11D3-BF4B-00C04F79EFBC}") = "GenericScale", "GenericScale\GenericScale.csproj", "{0972638F-5C77-42B5-ACF9-13017C0B674C}"
EndProject
Project("{FAE04EC0-301F-11D3-BF4B-00C04F79EFBC}") = "BoxOfT", "BoxOfT\BoxOfT.csproj", "{BADA59D2-E791-44D4-84AB-246886CE2454}"
EndProject
Global
	GlobalSection(SolutionConfigurationPlatforms) = preSolution
		Debug|Any CPU = Debug|Any CPU
		Release|Any CPU = Release|Any CPU
	EndGlobalSection
	GlobalSection(ProjectConfigurationPlatforms) = postSolution
		{2E798972-4030-454B-A0E2-EE4EDC3C2631}.Debug|Any CPU.ActiveCfg = Debug|Any CPU
		{2E798972-4030-454B-A0E2-EE4EDC3C2631}.Debug|Any CPU.Build.0 = Debug|Any CPU
		{2E798972-4030-454B-A0E2-EE4EDC3C2631}.Release|Any CPU.ActiveCfg = Release|Any CPU
		{2E798972-4030-454B-A0E2-EE4EDC3C2631}.Release|Any CPU.Build.0 = Release|Any CPU
		{0972638F-5C77-42B5-ACF9-13017C0B674C}.Debug|Any CPU.ActiveCfg = Debug|Any CPU
		{0972638F-5C77-42B5-ACF9-13017C0B674C}.Debug|Any CPU.Build.0 = Debug|Any CPU
		{0972638F-5C77-42B5-ACF9-13017C0B674C}.Release|Any CPU.ActiveCfg = Release|Any CPU
		{0972638F-5C77-42B5-ACF9-13017C0B674C}.Release|Any CPU.Build.0 = Release|Any CPU
		{BADA59D2-E791-44D4-84AB-246886CE2454}.Debug|Any CPU.ActiveCfg = Debug|Any CPU
		{BADA59D2-E791-44D4-84AB-246886CE2454}.Debug|Any CPU.Build.0 = Debug|Any CPU
		{BADA59D2-E791-44D4-84AB-246886CE2454}.Release|Any CPU.ActiveCfg = Release|Any CPU
		{BADA59D2-E791-44D4-84AB-246886CE2454}.Release|Any CPU.Build.0 = Release|Any CPU
	EndGlobalSection
	GlobalSection(SolutionProperties) = preSolution
		HideSolutionNode = FALSE
	EndGlobalSection
	GlobalSection(ExtensibilityGlobals) = postSolution
		SolutionGuid = {8CCB1886-4141-432C-92D5-E15FD6434B2B}
	EndGlobalSection
EndGlobal
